{
  "name": "@hellocoop/lambda",
  "version": "1.0.0",
  "lockfileVersion": 3,
  "requires": true,
  "packages": {
    "": {
      "name": "@hellocoop/lambda",
      "version": "1.0.0",
      "license": "MIT",
      "dependencies": {
        "@hellocoop/router": "^1.8.7",
        "cookie": "^0.6.0"
      },
      "devDependencies": {
        "@types/cookie": "^0.6.0"
      },
      "engines": {
        "node": ">=18"
      }
    },
    "node_modules/@hellocoop/constants": {
      "version": "1.1.5",
      "resolved": "https://registry.npmjs.org/@hellocoop/constants/-/constants-1.1.5.tgz",
      "integrity": "sha512-YRRCK0M5iCI6lvJB8CZx+OIzy9f9amyrDs8od95zraHOAGqZTUy1mONSYJAIBsm8CqcY8RKPtE16zaDgRJd6Kw==",
      "engines": {
        "node": ">=18"
      }
    },
    "node_modules/@hellocoop/core": {
      "version": "1.4.5",
      "resolved": "https://registry.npmjs.org/@hellocoop/core/-/core-1.4.5.tgz",
      "integrity": "sha512-E7LiPkx9MxwHaGryKVSpNRX6VAezaWqgDN1Qm1KickfIAqRRGanlSy8H1SwsCnHEQhLQdKgPafXfzd3ao+eVcA==",
      "dependencies": {
        "@hellocoop/constants": "~1.1.5"
      },
      "engines": {
        "node": ">=18"
      }
    },
    "node_modules/@hellocoop/router": {
      "version": "1.8.7",
      "resolved": "https://registry.npmjs.org/@hellocoop/router/-/router-1.8.7.tgz",
      "integrity": "sha512-+wSskBVIV3OmGooJrPxaD4wbQXGfRkfmlVcM0NTH+cZi/5OFdlGq3r4YN7SEvdfXDCTzzGzUIPb3jtYpRsGuYg==",
      "dependencies": {
        "@hellocoop/constants": "~1.1.5",
        "@hellocoop/core": "~1.4.5",
        "cookie": "^0.5.0"
      },
      "engines": {
        "node": ">=18"
      }
    },
    "node_modules/@hellocoop/router/node_modules/cookie": {
      "version": "0.5.0",
      "resolved": "https://registry.npmjs.org/cookie/-/cookie-0.5.0.tgz",
      "integrity": "sha512-YZ3GUyn/o8gfKJlnlX7g7xq4gyO6OSuhGPKaaGssGB2qgDUS0gPgtTvoyZLTt9Ab6dC4hfc9dV5arkvc/OCmrw==",
      "engines": {
        "node": ">= 0.6"
      }
    },
    "node_modules/@types/cookie": {
      "version": "0.6.0",
      "resolved": "https://registry.npmjs.org/@types/cookie/-/cookie-0.6.0.tgz",
      "integrity": "sha512-4Kh9a6B2bQciAhf7FSuMRRkUWecJgJu9nPnx3yzpsfXX/c50REIqpHY4C82bXP90qrLtXtkDxTZosYO3UpOwlA==",
      "dev": true
    },
    "node_modules/cookie": {
      "version": "0.6.0",
      "resolved": "https://registry.npmjs.org/cookie/-/cookie-0.6.0.tgz",
      "integrity": "sha512-U71cyTamuh1CRNCfpGY6to28lxvNwPG4Guz/EVjgf3Jmzv0vlDp1atT9eS5dDjMYHucpHbWns6Lwf3BKz6svdw==",
      "engines": {
        "node": ">= 0.6"
      }
    }
  }
}
