{
  "name": "@hellocoop/lambda",
  "version": "2.8.4",
  "lockfileVersion": 3,
  "requires": true,
  "packages": {
    "": {
      "name": "@hellocoop/lambda",
      "version": "2.8.4",
      "license": "MIT",
      "dependencies": {
        "@hellocoop/api": "^2.4.2",
        "cookie": "^1.0.1"
      },
      "devDependencies": {
        "@types/cookie": "^0.6.0"
      },
      "engines": {
        "node": ">=22"
      }
    },
    "node_modules/@hellocoop/api": {
      "version": "2.4.2",
      "resolved": "https://registry.npmjs.org/@hellocoop/api/-/api-2.4.2.tgz",
      "integrity": "sha512-vffSlJbIc7Cvu6RBAtYjhutoZF3Q2U5+3ZMdd5paO6y6gMku7rcmgzVLArxhyNDoXFiLeYUvb5xGqpX3Q3nOMQ==",
      "license": "MIT",
      "dependencies": {
        "@hellocoop/definitions": "^1.0.11",
        "@hellocoop/helper-server": "^2.2.3",
        "cookie": "^1.0.1"
      },
      "engines": {
        "node": ">=18"
      }
    },
    "node_modules/@hellocoop/definitions": {
      "version": "1.0.11",
      "resolved": "https://registry.npmjs.org/@hellocoop/definitions/-/definitions-1.0.11.tgz",
      "integrity": "sha512-fjxu7+mTbCZ84FNYh8Njl1daiakcpB6j3SBeaBAhMbAzMwAHvCbzLf7xmx4YXGpPmy3QuXLl/xO7FXaL5epvHw==",
      "license": "MIT",
      "engines": {
        "node": ">=18"
      }
    },
    "node_modules/@hellocoop/helper-server": {
      "version": "2.2.3",
      "resolved": "https://registry.npmjs.org/@hellocoop/helper-server/-/helper-server-2.2.3.tgz",
      "integrity": "sha512-gSQTMHh8aHPRr4cRgs0K7oINo2QUvytVmtlcChzpfBgMl9i89MpzAfZWqtlpeZOnTXtot8kt67CUhZgQhKfGHw==",
      "license": "MIT",
      "dependencies": {
        "@hellocoop/definitions": "^1.0.11"
      },
      "engines": {
        "node": ">=18"
      }
    },
    "node_modules/@types/cookie": {
      "version": "0.6.0",
      "resolved": "https://registry.npmjs.org/@types/cookie/-/cookie-0.6.0.tgz",
      "integrity": "sha512-4Kh9a6B2bQciAhf7FSuMRRkUWecJgJu9nPnx3yzpsfXX/c50REIqpHY4C82bXP90qrLtXtkDxTZosYO3UpOwlA==",
      "dev": true,
      "license": "MIT"
    },
    "node_modules/cookie": {
      "version": "1.1.1",
      "resolved": "https://registry.npmjs.org/cookie/-/cookie-1.1.1.tgz",
      "integrity": "sha512-ei8Aos7ja0weRpFzJnEA9UHJ/7XQmqglbRwnf2ATjcB9Wq874VKH9kfjjirM6UhU2/E5fFYadylyhFldcqSidQ==",
      "license": "MIT",
      "engines": {
        "node": ">=18"
      },
      "funding": {
        "type": "opencollective",
        "url": "https://opencollective.com/express"
      }
    }
  }
}
